
Microsoft Visual Studio Solution File, Format Version 12.00
# Visual Studio Version 16
VisualStudioVersion = 16.0.30413.136
MinimumVisualStudioVersion = 10.0.40219.1
Project("{FAE04EC0-301F-11D3-BF4B-00C04F79EFBC}") = "Chuyen doi tien te", "Chuyen doi tien te\Chuyen doi tien te.csproj", "{951B5456-B937-46D8-B0FD-235FAB7641C0}"
EndProject
Global
	GlobalSection(SolutionConfigurationPlatforms) = preSolution
		Debug|Any CPU = Debug|Any CPU
		Release|Any CPU = Release|Any CPU
	EndGlobalSection
	GlobalSection(ProjectConfigurationPlatforms) = postSolution
		{951B5456-B937-46D8-B0FD-235FAB7641C0}.Debug|Any CPU.ActiveCfg = Debug|Any CPU
		{951B5456-B937-46D8-B0FD-235FAB7641C0}.Debug|Any CPU.Build.0 = Debug|Any CPU
		{951B5456-B937-46D8-B0FD-235FAB7641C0}.Release|Any CPU.ActiveCfg = Release|Any CPU
		{951B5456-B937-46D8-B0FD-235FAB7641C0}.Release|Any CPU.Build.0 = Release|Any CPU
	EndGlobalSection
	GlobalSection(SolutionProperties) = preSolution
		HideSolutionNode = FALSE
	EndGlobalSection
	GlobalSection(ExtensibilityGlobals) = postSolution
		SolutionGuid = {E7124536-0CFE-49A0-97DB-97411378B208}
	EndGlobalSection
EndGlobal
